<?xml version="1.0" encoding="utf-8"?>
<Project ToolsVersion="4.0" xmlns="http://schemas.microsoft.com/developer/msbuild/2003">
  <ItemGroup>
    <Filter Include="Исходные файлы">
      <UniqueIdentifier>{4FC737F1-C7A5-4376-A066-2A32D752A2FF}</UniqueIdentifier>
      <Extensions>cpp;c;cc;cxx;c++;def;odl;idl;hpj;bat;asm;asmx</Extensions>
    </Filter>
    <Filter Include="Файлы заголовков">
      <UniqueIdentifier>{93995380-89BD-4b04-88EB-625FBE52EBFB}</UniqueIdentifier>
      <Extensions>h;hh;hpp;hxx;h++;hm;inl;inc;ipp;xsd</Extensions>
    </Filter>
    <Filter Include="Файлы ресурсов">
      <UniqueIdentifier>{67DA6AB6-F800-4c08-8B7A-83BB121AAD01}</UniqueIdentifier>
      <Extensions>rc;ico;cur;bmp;dlg;rc2;rct;bin;rgs;gif;jpg;jpeg;jpe;resx;tiff;tif;png;wav;mfcribbon-ms</Extensions>
    </Filter>
    <Filter Include="Исходные файлы\Classes">
      <UniqueIdentifier>{0d21f170-a442-429c-a74d-2ce7726114e0}</UniqueIdentifier>
    </Filter>
    <Filter Include="Исходные файлы\Json">
      <UniqueIdentifier>{c00d7f68-e8ae-44da-bb7f-cfccfdefb3a2}</UniqueIdentifier>
    </Filter>
  </ItemGroup>
  <ItemGroup>
    <ClCompile Include="main - Client.cpp">
      <Filter>Исходные файлы</Filter>
    </ClCompile>
    <ClCompile Include="Classes\Enemy.cpp">
      <Filter>Исходные файлы\Classes</Filter>
    </ClCompile>
    <ClCompile Include="Classes\Entity.cpp">
      <Filter>Исходные файлы\Classes</Filter>
    </ClCompile>
    <ClCompile Include="Classes\Projectale.cpp">
      <Filter>Исходные файлы\Classes</Filter>
    </ClCompile>
    <ClCompile Include="Classes\Scene.cpp">
      <Filter>Исходные файлы\Classes</Filter>
    </ClCompile>
    <ClCompile Include="Classes\Tower.cpp">
      <Filter>Исходные файлы\Classes</Filter>
    </ClCompile>
    <ClCompile Include="drawMap.cpp">
      <Filter>Исходные файлы</Filter>
    </ClCompile>
  </ItemGroup>
  <ItemGroup>
    <ClInclude Include="Classes\Enemy.h">
      <Filter>Исходные файлы\Classes</Filter>
    </ClInclude>
    <ClInclude Include="Classes\Entity.h">
      <Filter>Исходные файлы\Classes</Filter>
    </ClInclude>
    <ClInclude Include="Classes\Projectale.h">
      <Filter>Исходные файлы\Classes</Filter>
    </ClInclude>
    <ClInclude Include="Classes\Scene.h">
      <Filter>Исходные файлы\Classes</Filter>
    </ClInclude>
    <ClInclude Include="Classes\Tower.h">
      <Filter>Исходные файлы\Classes</Filter>
    </ClInclude>
    <ClInclude Include="Classes.h">
      <Filter>Исходные файлы</Filter>
    </ClInclude>
    <ClInclude Include="main - Client.h">
      <Filter>Исходные файлы</Filter>
    </ClInclude>
    <ClInclude Include="View.h">
      <Filter>Исходные файлы</Filter>
    </ClInclude>
    <ClInclude Include="drawMap.h">
      <Filter>Исходные файлы</Filter>
    </ClInclude>
    <ClInclude Include="..\IncludeMyJson.h">
      <Filter>Исходные файлы\Json</Filter>
    </ClInclude>
    <ClInclude Include="..\MyJson\jsonToString.h">
      <Filter>Исходные файлы\Json</Filter>
    </ClInclude>
    <ClInclude Include="..\MyJson\ReadJson.h">
      <Filter>Исходные файлы\Json</Filter>
    </ClInclude>
  </ItemGroup>
</Project>