<?xml version="1.0" encoding="utf-8"?>
<Project ToolsVersion="4.0" xmlns="http://schemas.microsoft.com/developer/msbuild/2003">
  <ItemGroup>
    <Filter Include="Исходные файлы">
      <UniqueIdentifier>{4FC737F1-C7A5-4376-A066-2A32D752A2FF}</UniqueIdentifier>
      <Extensions>cpp;c;cc;cxx;c++;def;odl;idl;hpj;bat;asm;asmx</Extensions>
    </Filter>
    <Filter Include="Файлы ресурсов">
      <UniqueIdentifier>{67DA6AB6-F800-4c08-8B7A-83BB121AAD01}</UniqueIdentifier>
      <Extensions>rc;ico;cur;bmp;dlg;rc2;rct;bin;rgs;gif;jpg;jpeg;jpe;resx;tiff;tif;png;wav;mfcribbon-ms</Extensions>
    </Filter>
    <Filter Include="Классы">
      <UniqueIdentifier>{2d638a83-37c7-4ffb-a09f-9849cfb81679}</UniqueIdentifier>
    </Filter>
    <Filter Include="Фабрики">
      <UniqueIdentifier>{839c6fd2-3421-4352-a282-cb630c54c745}</UniqueIdentifier>
    </Filter>
    <Filter Include="Уровни">
      <UniqueIdentifier>{18a30023-9104-4f93-8547-64293f928141}</UniqueIdentifier>
    </Filter>
    <Filter Include="Файлы заголовков">
      <UniqueIdentifier>{f7d46194-0b79-4d3b-a0fc-4c82af9f7b9b}</UniqueIdentifier>
    </Filter>
  </ItemGroup>
  <ItemGroup>
    <ClCompile Include="main.cpp">
      <Filter>Исходные файлы</Filter>
    </ClCompile>
    <ClCompile Include="Classes\Enemy.cpp">
      <Filter>Классы</Filter>
    </ClCompile>
    <ClCompile Include="Classes\Entity.cpp">
      <Filter>Классы</Filter>
    </ClCompile>
    <ClCompile Include="Classes\Projectale.cpp">
      <Filter>Классы</Filter>
    </ClCompile>
    <ClCompile Include="Classes\Tower.cpp">
      <Filter>Классы</Filter>
    </ClCompile>
    <ClCompile Include="Factories\EnemiesFactory.cpp">
      <Filter>Фабрики</Filter>
    </ClCompile>
    <ClCompile Include="Classes\Scene.cpp">
      <Filter>Классы</Filter>
    </ClCompile>
    <ClCompile Include="Factories\TowersFactory.cpp">
      <Filter>Фабрики</Filter>
    </ClCompile>
    <ClCompile Include="map.cpp">
      <Filter>Файлы заголовков</Filter>
    </ClCompile>
    <ClCompile Include="Levels\Level_1.cpp">
      <Filter>Исходные файлы</Filter>
    </ClCompile>
  </ItemGroup>
  <ItemGroup>
    <None Include="packages.config" />
  </ItemGroup>
  <ItemGroup>
    <ClInclude Include="Classes\Enemy.h">
      <Filter>Классы</Filter>
    </ClInclude>
    <ClInclude Include="Classes\Entity.h">
      <Filter>Классы</Filter>
    </ClInclude>
    <ClInclude Include="Classes\Projectale.h">
      <Filter>Классы</Filter>
    </ClInclude>
    <ClInclude Include="Classes\Tower.h">
      <Filter>Классы</Filter>
    </ClInclude>
    <ClInclude Include="Factories\EnemiesFactory.h">
      <Filter>Фабрики</Filter>
    </ClInclude>
    <ClInclude Include="main.h">
      <Filter>Исходные файлы</Filter>
    </ClInclude>
    <ClInclude Include="Classes\Scene.h">
      <Filter>Классы</Filter>
    </ClInclude>
    <ClInclude Include="Factories\TowersFactory.h">
      <Filter>Фабрики</Filter>
    </ClInclude>
    <ClInclude Include="Levels\Level_1.h">
      <Filter>Уровни</Filter>
    </ClInclude>
    <ClInclude Include="Classes.h">
      <Filter>Файлы заголовков</Filter>
    </ClInclude>
    <ClInclude Include="Factories.h">
      <Filter>Файлы заголовков</Filter>
    </ClInclude>
    <ClInclude Include="map.h">
      <Filter>Файлы заголовков</Filter>
    </ClInclude>
    <ClInclude Include="View.h">
      <Filter>Файлы заголовков</Filter>
    </ClInclude>
    <ClInclude Include="levels.h">
      <Filter>Файлы заголовков</Filter>
    </ClInclude>
  </ItemGroup>
</Project>